
Microsoft Visual Studio Solution File, Format Version 12.00
# Visual Studio Version 16
VisualStudioVersion = 16.0.31112.23
MinimumVisualStudioVersion = 10.0.40219.1
Project("{9A19103F-16F7-4668-BE54-9A1E7A4F7556}") = "PersonalFinance.LambdaAPI", "PersonalFinance.API\PersonalFinance.LambdaAPI.csproj", "{A5C2C4AC-4A19-4D6B-8562-82EB6E4C1405}"
EndProject
Project("{9A19103F-16F7-4668-BE54-9A1E7A4F7556}") = "PersonalFinance.Application", "PersonalFinance.Application\PersonalFinance.Application.csproj", "{0BAAED5F-167C-48D6-BE3B-7E3ED3714C36}"
EndProject
Project("{9A19103F-16F7-4668-BE54-9A1E7A4F7556}") = "PersonalFinance.Domain", "PersonalFinance.Domain\PersonalFinance.Domain.csproj", "{61EF6BF7-CEE6-4B9B-AE43-7B1F9A6E7149}"
EndProject
Global
	GlobalSection(SolutionConfigurationPlatforms) = preSolution
		Debug|Any CPU = Debug|Any CPU
		Release|Any CPU = Release|Any CPU
	EndGlobalSection
	GlobalSection(ProjectConfigurationPlatforms) = postSolution
		{A5C2C4AC-4A19-4D6B-8562-82EB6E4C1405}.Debug|Any CPU.ActiveCfg = Debug|Any CPU
		{A5C2C4AC-4A19-4D6B-8562-82EB6E4C1405}.Debug|Any CPU.Build.0 = Debug|Any CPU
		{A5C2C4AC-4A19-4D6B-8562-82EB6E4C1405}.Release|Any CPU.ActiveCfg = Release|Any CPU
		{A5C2C4AC-4A19-4D6B-8562-82EB6E4C1405}.Release|Any CPU.Build.0 = Release|Any CPU
		{0BAAED5F-167C-48D6-BE3B-7E3ED3714C36}.Debug|Any CPU.ActiveCfg = Debug|Any CPU
		{0BAAED5F-167C-48D6-BE3B-7E3ED3714C36}.Debug|Any CPU.Build.0 = Debug|Any CPU
		{0BAAED5F-167C-48D6-BE3B-7E3ED3714C36}.Release|Any CPU.ActiveCfg = Release|Any CPU
		{0BAAED5F-167C-48D6-BE3B-7E3ED3714C36}.Release|Any CPU.Build.0 = Release|Any CPU
		{61EF6BF7-CEE6-4B9B-AE43-7B1F9A6E7149}.Debug|Any CPU.ActiveCfg = Debug|Any CPU
		{61EF6BF7-CEE6-4B9B-AE43-7B1F9A6E7149}.Debug|Any CPU.Build.0 = Debug|Any CPU
		{61EF6BF7-CEE6-4B9B-AE43-7B1F9A6E7149}.Release|Any CPU.ActiveCfg = Release|Any CPU
		{61EF6BF7-CEE6-4B9B-AE43-7B1F9A6E7149}.Release|Any CPU.Build.0 = Release|Any CPU
	EndGlobalSection
	GlobalSection(SolutionProperties) = preSolution
		HideSolutionNode = FALSE
	EndGlobalSection
	GlobalSection(ExtensibilityGlobals) = postSolution
		SolutionGuid = {42D0F783-D60B-4713-B0CC-FD7F413FFDE1}
	EndGlobalSection
EndGlobal
