
Microsoft Visual Studio Solution File, Format Version 12.00
# Visual Studio Version 16
VisualStudioVersion = 16.0.31112.23
MinimumVisualStudioVersion = 10.0.40219.1
Project("{9A19103F-16F7-4668-BE54-9A1E7A4F7556}") = "PersonalFinance.ImportarTransacoes", "PersonalFinance.ImportarTransacoes.csproj", "{16705C13-D09E-4C14-8CF6-1F946BDA1112}"
EndProject
Project("{9A19103F-16F7-4668-BE54-9A1E7A4F7556}") = "PersonalFinance.Domain", "..\..\PersonalFinance.API\src\PersonalFinance.Domain\PersonalFinance.Domain.csproj", "{89090935-E64B-4366-84D0-D9DB8A4A7BB1}"
EndProject
Project("{9A19103F-16F7-4668-BE54-9A1E7A4F7556}") = "PersonalFinance.Application", "..\..\PersonalFinance.API\src\PersonalFinance.Application\PersonalFinance.Application.csproj", "{12ECF7BB-ACF2-46DF-94CA-6A1635F72D29}"
EndProject
Global
	GlobalSection(SolutionConfigurationPlatforms) = preSolution
		Debug|Any CPU = Debug|Any CPU
		Release|Any CPU = Release|Any CPU
	EndGlobalSection
	GlobalSection(ProjectConfigurationPlatforms) = postSolution
		{16705C13-D09E-4C14-8CF6-1F946BDA1112}.Debug|Any CPU.ActiveCfg = Debug|Any CPU
		{16705C13-D09E-4C14-8CF6-1F946BDA1112}.Debug|Any CPU.Build.0 = Debug|Any CPU
		{16705C13-D09E-4C14-8CF6-1F946BDA1112}.Release|Any CPU.ActiveCfg = Release|Any CPU
		{16705C13-D09E-4C14-8CF6-1F946BDA1112}.Release|Any CPU.Build.0 = Release|Any CPU
		{89090935-E64B-4366-84D0-D9DB8A4A7BB1}.Debug|Any CPU.ActiveCfg = Debug|Any CPU
		{89090935-E64B-4366-84D0-D9DB8A4A7BB1}.Debug|Any CPU.Build.0 = Debug|Any CPU
		{89090935-E64B-4366-84D0-D9DB8A4A7BB1}.Release|Any CPU.ActiveCfg = Release|Any CPU
		{89090935-E64B-4366-84D0-D9DB8A4A7BB1}.Release|Any CPU.Build.0 = Release|Any CPU
		{12ECF7BB-ACF2-46DF-94CA-6A1635F72D29}.Debug|Any CPU.ActiveCfg = Debug|Any CPU
		{12ECF7BB-ACF2-46DF-94CA-6A1635F72D29}.Debug|Any CPU.Build.0 = Debug|Any CPU
		{12ECF7BB-ACF2-46DF-94CA-6A1635F72D29}.Release|Any CPU.ActiveCfg = Release|Any CPU
		{12ECF7BB-ACF2-46DF-94CA-6A1635F72D29}.Release|Any CPU.Build.0 = Release|Any CPU
	EndGlobalSection
	GlobalSection(SolutionProperties) = preSolution
		HideSolutionNode = FALSE
	EndGlobalSection
	GlobalSection(ExtensibilityGlobals) = postSolution
		SolutionGuid = {4593AA57-6AFB-496D-837F-437C64F8D638}
	EndGlobalSection
EndGlobal
